
Microsoft Visual Studio Solution File, Format Version 12.00
# Visual Studio Version 17
VisualStudioVersion = 17.0.31903.59
MinimumVisualStudioVersion = 10.0.40219.1
Project("{2150E333-8FDC-42A3-9474-1A3956D46DE8}") = "src", "src", "{69442A8C-A6D2-45CD-9DFE-68C62CC21E5A}"
EndProject
Project("{FAE04EC0-301F-11D3-BF4B-00C04F79EFBC}") = "SharedKernel", "src\SharedKernel\SharedKernel.csproj", "{A83272C2-661F-4DC9-A015-15B374D8107D}"
EndProject
Project("{2150E333-8FDC-42A3-9474-1A3956D46DE8}") = "test", "test", "{FE732B09-B426-4EA2-9418-5FA370A40823}"
EndProject
Project("{2150E333-8FDC-42A3-9474-1A3956D46DE8}") = "Arch", "Arch", "{D6DEF6C6-3C7D-4717-8964-E568A622A73A}"
EndProject
Project("{FAE04EC0-301F-11D3-BF4B-00C04F79EFBC}") = "Tests", "test\Arch\Tests\Tests.csproj", "{B50964C8-0BA4-4AB9-A8C1-5F0AA234B46A}"
EndProject
Project("{FAE04EC0-301F-11D3-BF4B-00C04F79EFBC}") = "Domain", "src\Domain\Domain.csproj", "{0D0D7E9B-FD62-4ABE-B6CA-01E5B61BB8D8}"
EndProject
Project("{FAE04EC0-301F-11D3-BF4B-00C04F79EFBC}") = "Application", "src\Application\Application.csproj", "{125D5772-FF8F-4409-9223-D986ED387284}"
EndProject
Project("{2150E333-8FDC-42A3-9474-1A3956D46DE8}") = "Domain", "Domain", "{CB03EB3B-C822-47A3-AB50-D4BF132F67FB}"
EndProject
Project("{FAE04EC0-301F-11D3-BF4B-00C04F79EFBC}") = "Tests", "test\Domain\Tests\Tests.csproj", "{D1D9F3C0-6640-41C1-A1EB-0FE88FCC26C1}"
EndProject
Project("{2150E333-8FDC-42A3-9474-1A3956D46DE8}") = "Application", "Application", "{F4737FB5-83DB-4C79-B95A-774F3D5CE757}"
EndProject
Project("{FAE04EC0-301F-11D3-BF4B-00C04F79EFBC}") = "Tests", "test\Application\Tests\Tests.csproj", "{11AA752B-2859-4D5C-A44A-9C1108D75423}"
EndProject
Project("{2150E333-8FDC-42A3-9474-1A3956D46DE8}") = "Common", "Common", "{4964B826-B180-4C44-99BE-D3A7B2233763}"
EndProject
Project("{FAE04EC0-301F-11D3-BF4B-00C04F79EFBC}") = "Tests.Core", "test\Common\Tests.Core\Tests.Core.csproj", "{EAA43044-AE98-4969-9A20-5F5AD76138E9}"
EndProject
Global
	GlobalSection(SolutionConfigurationPlatforms) = preSolution
		Debug|Any CPU = Debug|Any CPU
		Release|Any CPU = Release|Any CPU
	EndGlobalSection
	GlobalSection(SolutionProperties) = preSolution
		HideSolutionNode = FALSE
	EndGlobalSection
	GlobalSection(ProjectConfigurationPlatforms) = postSolution
		{A83272C2-661F-4DC9-A015-15B374D8107D}.Debug|Any CPU.ActiveCfg = Debug|Any CPU
		{A83272C2-661F-4DC9-A015-15B374D8107D}.Debug|Any CPU.Build.0 = Debug|Any CPU
		{A83272C2-661F-4DC9-A015-15B374D8107D}.Release|Any CPU.ActiveCfg = Release|Any CPU
		{A83272C2-661F-4DC9-A015-15B374D8107D}.Release|Any CPU.Build.0 = Release|Any CPU
		{B50964C8-0BA4-4AB9-A8C1-5F0AA234B46A}.Debug|Any CPU.ActiveCfg = Debug|Any CPU
		{B50964C8-0BA4-4AB9-A8C1-5F0AA234B46A}.Debug|Any CPU.Build.0 = Debug|Any CPU
		{B50964C8-0BA4-4AB9-A8C1-5F0AA234B46A}.Release|Any CPU.ActiveCfg = Release|Any CPU
		{B50964C8-0BA4-4AB9-A8C1-5F0AA234B46A}.Release|Any CPU.Build.0 = Release|Any CPU
		{0D0D7E9B-FD62-4ABE-B6CA-01E5B61BB8D8}.Debug|Any CPU.ActiveCfg = Debug|Any CPU
		{0D0D7E9B-FD62-4ABE-B6CA-01E5B61BB8D8}.Debug|Any CPU.Build.0 = Debug|Any CPU
		{0D0D7E9B-FD62-4ABE-B6CA-01E5B61BB8D8}.Release|Any CPU.ActiveCfg = Release|Any CPU
		{0D0D7E9B-FD62-4ABE-B6CA-01E5B61BB8D8}.Release|Any CPU.Build.0 = Release|Any CPU
		{125D5772-FF8F-4409-9223-D986ED387284}.Debug|Any CPU.ActiveCfg = Debug|Any CPU
		{125D5772-FF8F-4409-9223-D986ED387284}.Debug|Any CPU.Build.0 = Debug|Any CPU
		{125D5772-FF8F-4409-9223-D986ED387284}.Release|Any CPU.ActiveCfg = Release|Any CPU
		{125D5772-FF8F-4409-9223-D986ED387284}.Release|Any CPU.Build.0 = Release|Any CPU
		{D1D9F3C0-6640-41C1-A1EB-0FE88FCC26C1}.Debug|Any CPU.ActiveCfg = Debug|Any CPU
		{D1D9F3C0-6640-41C1-A1EB-0FE88FCC26C1}.Debug|Any CPU.Build.0 = Debug|Any CPU
		{D1D9F3C0-6640-41C1-A1EB-0FE88FCC26C1}.Release|Any CPU.ActiveCfg = Release|Any CPU
		{D1D9F3C0-6640-41C1-A1EB-0FE88FCC26C1}.Release|Any CPU.Build.0 = Release|Any CPU
		{11AA752B-2859-4D5C-A44A-9C1108D75423}.Debug|Any CPU.ActiveCfg = Debug|Any CPU
		{11AA752B-2859-4D5C-A44A-9C1108D75423}.Debug|Any CPU.Build.0 = Debug|Any CPU
		{11AA752B-2859-4D5C-A44A-9C1108D75423}.Release|Any CPU.ActiveCfg = Release|Any CPU
		{11AA752B-2859-4D5C-A44A-9C1108D75423}.Release|Any CPU.Build.0 = Release|Any CPU
		{EAA43044-AE98-4969-9A20-5F5AD76138E9}.Debug|Any CPU.ActiveCfg = Debug|Any CPU
		{EAA43044-AE98-4969-9A20-5F5AD76138E9}.Debug|Any CPU.Build.0 = Debug|Any CPU
		{EAA43044-AE98-4969-9A20-5F5AD76138E9}.Release|Any CPU.ActiveCfg = Release|Any CPU
		{EAA43044-AE98-4969-9A20-5F5AD76138E9}.Release|Any CPU.Build.0 = Release|Any CPU
	EndGlobalSection
	GlobalSection(NestedProjects) = preSolution
		{A83272C2-661F-4DC9-A015-15B374D8107D} = {69442A8C-A6D2-45CD-9DFE-68C62CC21E5A}
		{D6DEF6C6-3C7D-4717-8964-E568A622A73A} = {FE732B09-B426-4EA2-9418-5FA370A40823}
		{B50964C8-0BA4-4AB9-A8C1-5F0AA234B46A} = {D6DEF6C6-3C7D-4717-8964-E568A622A73A}
		{0D0D7E9B-FD62-4ABE-B6CA-01E5B61BB8D8} = {69442A8C-A6D2-45CD-9DFE-68C62CC21E5A}
		{125D5772-FF8F-4409-9223-D986ED387284} = {69442A8C-A6D2-45CD-9DFE-68C62CC21E5A}
		{CB03EB3B-C822-47A3-AB50-D4BF132F67FB} = {FE732B09-B426-4EA2-9418-5FA370A40823}
		{D1D9F3C0-6640-41C1-A1EB-0FE88FCC26C1} = {CB03EB3B-C822-47A3-AB50-D4BF132F67FB}
		{F4737FB5-83DB-4C79-B95A-774F3D5CE757} = {FE732B09-B426-4EA2-9418-5FA370A40823}
		{11AA752B-2859-4D5C-A44A-9C1108D75423} = {F4737FB5-83DB-4C79-B95A-774F3D5CE757}
		{4964B826-B180-4C44-99BE-D3A7B2233763} = {FE732B09-B426-4EA2-9418-5FA370A40823}
		{EAA43044-AE98-4969-9A20-5F5AD76138E9} = {4964B826-B180-4C44-99BE-D3A7B2233763}
	EndGlobalSection
EndGlobal
