
Microsoft Visual Studio Solution File, Format Version 12.00
# Visual Studio Version 17
VisualStudioVersion = 17.0.31903.59
MinimumVisualStudioVersion = 10.0.40219.1
Project("{2150E333-8FDC-42A3-9474-1A3956D46DE8}") = "src", "src", "{69442A8C-A6D2-45CD-9DFE-68C62CC21E5A}"
EndProject
Project("{2150E333-8FDC-42A3-9474-1A3956D46DE8}") = "test", "test", "{FE732B09-B426-4EA2-9418-5FA370A40823}"
EndProject
Project("{2150E333-8FDC-42A3-9474-1A3956D46DE8}") = "ArchitectureTests", "ArchitectureTests", "{D6DEF6C6-3C7D-4717-8964-E568A622A73A}"
EndProject
Project("{2150E333-8FDC-42A3-9474-1A3956D46DE8}") = "Core", "Core", "{C4AF6844-E3DE-425F-AAD8-4F2F981F195E}"
EndProject
Project("{FAE04EC0-301F-11D3-BF4B-00C04F79EFBC}") = "SharedKernel", "src\Core\SharedKernel\SharedKernel.csproj", "{0CA519F5-2291-4178-B133-70385763F4D5}"
EndProject
Project("{FAE04EC0-301F-11D3-BF4B-00C04F79EFBC}") = "Domain", "src\Core\Domain\Domain.csproj", "{54D1F546-1D40-4C61-B624-21530D7AAA0D}"
EndProject
Project("{FAE04EC0-301F-11D3-BF4B-00C04F79EFBC}") = "Application", "src\Core\Application\Application.csproj", "{15AD87E1-163C-4FFE-B721-99DD8939EBA6}"
EndProject
Project("{2150E333-8FDC-42A3-9474-1A3956D46DE8}") = "UnitTests", "UnitTests", "{131C8FE8-7009-4AF4-A0E7-22CD084C5660}"
EndProject
Project("{2150E333-8FDC-42A3-9474-1A3956D46DE8}") = "Core", "Core", "{7033B471-DB61-4015-95E5-1AF84CE24593}"
EndProject
Project("{2150E333-8FDC-42A3-9474-1A3956D46DE8}") = "IntegrationTests", "IntegrationTests", "{E000A2AC-3BB5-49F2-9340-8BE12AA98479}"
EndProject
Project("{FAE04EC0-301F-11D3-BF4B-00C04F79EFBC}") = "UnitTests.Common", "test\UnitTests\Core\UnitTests.Common\UnitTests.Common.csproj", "{AC2BDDEB-8926-4F66-A330-562BEBB667D6}"
EndProject
Project("{FAE04EC0-301F-11D3-BF4B-00C04F79EFBC}") = "Architecture.Tests", "test\ArchitectureTests\Architecture.Tests\Architecture.Tests.csproj", "{54CF02EB-909B-4C76-BB81-9555FA83E617}"
EndProject
Project("{FAE04EC0-301F-11D3-BF4B-00C04F79EFBC}") = "UnitTests.Domain", "test\UnitTests\Core\UnitTests.Domain\UnitTests.Domain.csproj", "{B9D9F62A-62A0-4CB6-A6C6-E8AA4299569A}"
EndProject
Project("{FAE04EC0-301F-11D3-BF4B-00C04F79EFBC}") = "UnitTests.Application", "test\UnitTests\Core\UnitTests.Application\UnitTests.Application.csproj", "{284A599D-8B48-4035-B8EE-F0FD5E25789F}"
EndProject
Global
	GlobalSection(SolutionConfigurationPlatforms) = preSolution
		Debug|Any CPU = Debug|Any CPU
		Release|Any CPU = Release|Any CPU
	EndGlobalSection
	GlobalSection(SolutionProperties) = preSolution
		HideSolutionNode = FALSE
	EndGlobalSection
	GlobalSection(ProjectConfigurationPlatforms) = postSolution
		{0CA519F5-2291-4178-B133-70385763F4D5}.Debug|Any CPU.ActiveCfg = Debug|Any CPU
		{0CA519F5-2291-4178-B133-70385763F4D5}.Debug|Any CPU.Build.0 = Debug|Any CPU
		{0CA519F5-2291-4178-B133-70385763F4D5}.Release|Any CPU.ActiveCfg = Release|Any CPU
		{0CA519F5-2291-4178-B133-70385763F4D5}.Release|Any CPU.Build.0 = Release|Any CPU
		{54D1F546-1D40-4C61-B624-21530D7AAA0D}.Debug|Any CPU.ActiveCfg = Debug|Any CPU
		{54D1F546-1D40-4C61-B624-21530D7AAA0D}.Debug|Any CPU.Build.0 = Debug|Any CPU
		{54D1F546-1D40-4C61-B624-21530D7AAA0D}.Release|Any CPU.ActiveCfg = Release|Any CPU
		{54D1F546-1D40-4C61-B624-21530D7AAA0D}.Release|Any CPU.Build.0 = Release|Any CPU
		{15AD87E1-163C-4FFE-B721-99DD8939EBA6}.Debug|Any CPU.ActiveCfg = Debug|Any CPU
		{15AD87E1-163C-4FFE-B721-99DD8939EBA6}.Debug|Any CPU.Build.0 = Debug|Any CPU
		{15AD87E1-163C-4FFE-B721-99DD8939EBA6}.Release|Any CPU.ActiveCfg = Release|Any CPU
		{15AD87E1-163C-4FFE-B721-99DD8939EBA6}.Release|Any CPU.Build.0 = Release|Any CPU
		{AC2BDDEB-8926-4F66-A330-562BEBB667D6}.Debug|Any CPU.ActiveCfg = Debug|Any CPU
		{AC2BDDEB-8926-4F66-A330-562BEBB667D6}.Debug|Any CPU.Build.0 = Debug|Any CPU
		{AC2BDDEB-8926-4F66-A330-562BEBB667D6}.Release|Any CPU.ActiveCfg = Release|Any CPU
		{AC2BDDEB-8926-4F66-A330-562BEBB667D6}.Release|Any CPU.Build.0 = Release|Any CPU
		{54CF02EB-909B-4C76-BB81-9555FA83E617}.Debug|Any CPU.ActiveCfg = Debug|Any CPU
		{54CF02EB-909B-4C76-BB81-9555FA83E617}.Debug|Any CPU.Build.0 = Debug|Any CPU
		{54CF02EB-909B-4C76-BB81-9555FA83E617}.Release|Any CPU.ActiveCfg = Release|Any CPU
		{54CF02EB-909B-4C76-BB81-9555FA83E617}.Release|Any CPU.Build.0 = Release|Any CPU
		{B9D9F62A-62A0-4CB6-A6C6-E8AA4299569A}.Debug|Any CPU.ActiveCfg = Debug|Any CPU
		{B9D9F62A-62A0-4CB6-A6C6-E8AA4299569A}.Debug|Any CPU.Build.0 = Debug|Any CPU
		{B9D9F62A-62A0-4CB6-A6C6-E8AA4299569A}.Release|Any CPU.ActiveCfg = Release|Any CPU
		{B9D9F62A-62A0-4CB6-A6C6-E8AA4299569A}.Release|Any CPU.Build.0 = Release|Any CPU
		{284A599D-8B48-4035-B8EE-F0FD5E25789F}.Debug|Any CPU.ActiveCfg = Debug|Any CPU
		{284A599D-8B48-4035-B8EE-F0FD5E25789F}.Debug|Any CPU.Build.0 = Debug|Any CPU
		{284A599D-8B48-4035-B8EE-F0FD5E25789F}.Release|Any CPU.ActiveCfg = Release|Any CPU
		{284A599D-8B48-4035-B8EE-F0FD5E25789F}.Release|Any CPU.Build.0 = Release|Any CPU
	EndGlobalSection
	GlobalSection(NestedProjects) = preSolution
		{D6DEF6C6-3C7D-4717-8964-E568A622A73A} = {FE732B09-B426-4EA2-9418-5FA370A40823}
		{C4AF6844-E3DE-425F-AAD8-4F2F981F195E} = {69442A8C-A6D2-45CD-9DFE-68C62CC21E5A}
		{0CA519F5-2291-4178-B133-70385763F4D5} = {C4AF6844-E3DE-425F-AAD8-4F2F981F195E}
		{54D1F546-1D40-4C61-B624-21530D7AAA0D} = {C4AF6844-E3DE-425F-AAD8-4F2F981F195E}
		{15AD87E1-163C-4FFE-B721-99DD8939EBA6} = {C4AF6844-E3DE-425F-AAD8-4F2F981F195E}
		{131C8FE8-7009-4AF4-A0E7-22CD084C5660} = {FE732B09-B426-4EA2-9418-5FA370A40823}
		{7033B471-DB61-4015-95E5-1AF84CE24593} = {131C8FE8-7009-4AF4-A0E7-22CD084C5660}
		{E000A2AC-3BB5-49F2-9340-8BE12AA98479} = {FE732B09-B426-4EA2-9418-5FA370A40823}
		{AC2BDDEB-8926-4F66-A330-562BEBB667D6} = {7033B471-DB61-4015-95E5-1AF84CE24593}
		{54CF02EB-909B-4C76-BB81-9555FA83E617} = {D6DEF6C6-3C7D-4717-8964-E568A622A73A}
		{B9D9F62A-62A0-4CB6-A6C6-E8AA4299569A} = {7033B471-DB61-4015-95E5-1AF84CE24593}
		{284A599D-8B48-4035-B8EE-F0FD5E25789F} = {7033B471-DB61-4015-95E5-1AF84CE24593}
	EndGlobalSection
EndGlobal
